// !$*UTF8*$!
{
	archiveVersion = 1;
	classes = {
	};
	objectVersion = 50;
	objects = {

/* Begin PBXBuildFile section */
		6F18D8CC221ECE3E00A8C1BF /* gradient.png in Resources */ = {isa = PBXBuildFile; fileRef = 6F18D8CB221ECE3D00A8C1BF /* gradient.png */; };
		6F18D8CE221ECF1600A8C1BF /* gradient2.jpg in Resources */ = {isa = PBXBuildFile; fileRef = 6F18D8CD221ECF1600A8C1BF /* gradient2.jpg */; };
		6F822B29221B336200158C9D /* AppDelegate.swift in Sources */ = {isa = PBXBuildFile; fileRef = 6F822B28221B336200158C9D /* AppDelegate.swift */; };
		6F822B33221B336A00158C9D /* LaunchScreen.storyboard in Resources */ = {isa = PBXBuildFile; fileRef = 6F822B31221B336A00158C9D /* LaunchScreen.storyboard */; };
		6F822B4D221B363B00158C9D /* AddItemViewController.swift in Sources */ = {isa = PBXBuildFile; fileRef = 6F822B47221B363B00158C9D /* AddItemViewController.swift */; };
		6F822B4E221B363B00158C9D /* FavouritesViewController.swift in Sources */ = {isa = PBXBuildFile; fileRef = 6F822B48221B363B00158C9D /* FavouritesViewController.swift */; };
		6F822B4F221B363B00158C9D /* ViewController.swift in Sources */ = {isa = PBXBuildFile; fileRef = 6F822B49221B363B00158C9D /* ViewController.swift */; };
		6F822B50221B363B00158C9D /* AddViewController.swift in Sources */ = {isa = PBXBuildFile; fileRef = 6F822B4A221B363B00158C9D /* AddViewController.swift */; };
		6F822B51221B363B00158C9D /* BubblesViewController.swift in Sources */ = {isa = PBXBuildFile; fileRef = 6F822B4B221B363B00158C9D /* BubblesViewController.swift */; };
		6F822B52221B363B00158C9D /* ToDoTableViewController.swift in Sources */ = {isa = PBXBuildFile; fileRef = 6F822B4C221B363B00158C9D /* ToDoTableViewController.swift */; };
		6F822B54221B365700158C9D /* Main.storyboard in Resources */ = {isa = PBXBuildFile; fileRef = 6F822B53221B365700158C9D /* Main.storyboard */; };
		6F822B57221B366E00158C9D /* FavouritePlace.swift in Sources */ = {isa = PBXBuildFile; fileRef = 6F822B55221B366E00158C9D /* FavouritePlace.swift */; };
		6F822B58221B366E00158C9D /* ToDoItem.swift in Sources */ = {isa = PBXBuildFile; fileRef = 6F822B56221B366E00158C9D /* ToDoItem.swift */; };
		6F822B5C221B385300158C9D /* Assets.xcassets in Resources */ = {isa = PBXBuildFile; fileRef = 6F822B5B221B385200158C9D /* Assets.xcassets */; };
		6F822B66221B419900158C9D /* BubblePicker.swift in Sources */ = {isa = PBXBuildFile; fileRef = 6F822B63221B419900158C9D /* BubblePicker.swift */; };
		6F822B67221B419900158C9D /* ipad.jpg in Resources */ = {isa = PBXBuildFile; fileRef = 6F822B64221B419900158C9D /* ipad.jpg */; };
		6F822B68221B419900158C9D /* BubblePickerNode.swift in Sources */ = {isa = PBXBuildFile; fileRef = 6F822B65221B419900158C9D /* BubblePickerNode.swift */; };
		6FC43E192222F0AE00F2F3DE /* Others.swift in Sources */ = {isa = PBXBuildFile; fileRef = 6FC43E182222F0AE00F2F3DE /* Others.swift */; };
/* End PBXBuildFile section */

/* Begin PBXFileReference section */
		6F18D8CB221ECE3D00A8C1BF /* gradient.png */ = {isa = PBXFileReference; lastKnownFileType = image.png; name = gradient.png; path = ../../../gradient.png; sourceTree = "<group>"; };
		6F18D8CD221ECF1600A8C1BF /* gradient2.jpg */ = {isa = PBXFileReference; lastKnownFileType = image.jpeg; name = gradient2.jpg; path = ../../../gradient2.jpg; sourceTree = "<group>"; };
		6F822B25221B336200158C9D /* BubbleRemindingProject.app */ = {isa = PBXFileReference; explicitFileType = wrapper.application; includeInIndex = 0; path = BubbleRemindingProject.app; sourceTree = BUILT_PRODUCTS_DIR; };
		6F822B28221B336200158C9D /* AppDelegate.swift */ = {isa = PBXFileReference; lastKnownFileType = sourcecode.swift; path = AppDelegate.swift; sourceTree = "<group>"; };
		6F822B32221B336A00158C9D /* Base */ = {isa = PBXFileReference; lastKnownFileType = file.storyboard; name = Base; path = Base.lproj/LaunchScreen.storyboard; sourceTree = "<group>"; };
		6F822B34221B336A00158C9D /* Info.plist */ = {isa = PBXFileReference; lastKnownFileType = text.plist.xml; path = Info.plist; sourceTree = "<group>"; };
		6F822B47221B363B00158C9D /* AddItemViewController.swift */ = {isa = PBXFileReference; fileEncoding = 4; lastKnownFileType = sourcecode.swift; path = AddItemViewController.swift; sourceTree = "<group>"; };
		6F822B48221B363B00158C9D /* FavouritesViewController.swift */ = {isa = PBXFileReference; fileEncoding = 4; lastKnownFileType = sourcecode.swift; path = FavouritesViewController.swift; sourceTree = "<group>"; };
		6F822B49221B363B00158C9D /* ViewController.swift */ = {isa = PBXFileReference; fileEncoding = 4; lastKnownFileType = sourcecode.swift; path = ViewController.swift; sourceTree = "<group>"; };
		6F822B4A221B363B00158C9D /* AddViewController.swift */ = {isa = PBXFileReference; fileEncoding = 4; lastKnownFileType = sourcecode.swift; path = AddViewController.swift; sourceTree = "<group>"; };
		6F822B4B221B363B00158C9D /* BubblesViewController.swift */ = {isa = PBXFileReference; fileEncoding = 4; lastKnownFileType = sourcecode.swift; path = BubblesViewController.swift; sourceTree = "<group>"; };
		6F822B4C221B363B00158C9D /* ToDoTableViewController.swift */ = {isa = PBXFileReference; fileEncoding = 4; lastKnownFileType = sourcecode.swift; path = ToDoTableViewController.swift; sourceTree = "<group>"; };
		6F822B53221B365700158C9D /* Main.storyboard */ = {isa = PBXFileReference; fileEncoding = 4; lastKnownFileType = file.storyboard; path = Main.storyboard; sourceTree = "<group>"; };
		6F822B55221B366E00158C9D /* FavouritePlace.swift */ = {isa = PBXFileReference; fileEncoding = 4; lastKnownFileType = sourcecode.swift; path = FavouritePlace.swift; sourceTree = "<group>"; };
		6F822B56221B366E00158C9D /* ToDoItem.swift */ = {isa = PBXFileReference; fileEncoding = 4; lastKnownFileType = sourcecode.swift; path = ToDoItem.swift; sourceTree = "<group>"; };
		6F822B5B221B385200158C9D /* Assets.xcassets */ = {isa = PBXFileReference; lastKnownFileType = folder.assetcatalog; path = Assets.xcassets; sourceTree = "<group>"; };
		6F822B63221B419900158C9D /* BubblePicker.swift */ = {isa = PBXFileReference; fileEncoding = 4; lastKnownFileType = sourcecode.swift; path = BubblePicker.swift; sourceTree = "<group>"; };
		6F822B64221B419900158C9D /* ipad.jpg */ = {isa = PBXFileReference; lastKnownFileType = image.jpeg; path = ipad.jpg; sourceTree = "<group>"; };
		6F822B65221B419900158C9D /* BubblePickerNode.swift */ = {isa = PBXFileReference; fileEncoding = 4; lastKnownFileType = sourcecode.swift; path = BubblePickerNode.swift; sourceTree = "<group>"; };
		6FC43E182222F0AE00F2F3DE /* Others.swift */ = {isa = PBXFileReference; lastKnownFileType = sourcecode.swift; path = Others.swift; sourceTree = "<group>"; };
/* End PBXFileReference section */

/* Begin PBXFrameworksBuildPhase section */
		6F822B22221B336200158C9D /* Frameworks */ = {
			isa = PBXFrameworksBuildPhase;
			buildActionMask = 2147483647;
			files = (
			);
			runOnlyForDeploymentPostprocessing = 0;
		};
/* End PBXFrameworksBuildPhase section */

/* Begin PBXGroup section */
		6F822B1C221B336200158C9D = {
			isa = PBXGroup;
			children = (
				6F822B27221B336200158C9D /* BubbleRemindingProject */,
				6F822B26221B336200158C9D /* Products */,
			);
			sourceTree = "<group>";
		};
		6F822B26221B336200158C9D /* Products */ = {
			isa = PBXGroup;
			children = (
				6F822B25221B336200158C9D /* BubbleRemindingProject.app */,
			);
			name = Products;
			sourceTree = "<group>";
		};
		6F822B27221B336200158C9D /* BubbleRemindingProject */ = {
			isa = PBXGroup;
			children = (
				6FC43E172222F08400F2F3DE /* Others */,
				6F822B5B221B385200158C9D /* Assets.xcassets */,
				6F822B3E221B33A500158C9D /* Model */,
				6F822B3D221B339C00158C9D /* View */,
				6F822B3C221B339400158C9D /* Controller */,
				6F822B3A221B337700158C9D /* Bubbles */,
				6F822B28221B336200158C9D /* AppDelegate.swift */,
				6F822B31221B336A00158C9D /* LaunchScreen.storyboard */,
				6F822B34221B336A00158C9D /* Info.plist */,
			);
			path = BubbleRemindingProject;
			sourceTree = "<group>";
		};
		6F822B3A221B337700158C9D /* Bubbles */ = {
			isa = PBXGroup;
			children = (
				6F822B63221B419900158C9D /* BubblePicker.swift */,
				6F822B65221B419900158C9D /* BubblePickerNode.swift */,
				6F18D8CD221ECF1600A8C1BF /* gradient2.jpg */,
				6F18D8CB221ECE3D00A8C1BF /* gradient.png */,
				6F822B64221B419900158C9D /* ipad.jpg */,
			);
			path = Bubbles;
			sourceTree = "<group>";
		};
		6F822B3C221B339400158C9D /* Controller */ = {
			isa = PBXGroup;
			children = (
				6F822B47221B363B00158C9D /* AddItemViewController.swift */,
				6F822B4A221B363B00158C9D /* AddViewController.swift */,
				6F822B4B221B363B00158C9D /* BubblesViewController.swift */,
				6F822B48221B363B00158C9D /* FavouritesViewController.swift */,
				6F822B4C221B363B00158C9D /* ToDoTableViewController.swift */,
				6F822B49221B363B00158C9D /* ViewController.swift */,
			);
			path = Controller;
			sourceTree = "<group>";
		};
		6F822B3D221B339C00158C9D /* View */ = {
			isa = PBXGroup;
			children = (
				6F822B53221B365700158C9D /* Main.storyboard */,
			);
			path = View;
			sourceTree = "<group>";
		};
		6F822B3E221B33A500158C9D /* Model */ = {
			isa = PBXGroup;
			children = (
				6F822B55221B366E00158C9D /* FavouritePlace.swift */,
				6F822B56221B366E00158C9D /* ToDoItem.swift */,
			);
			path = Model;
			sourceTree = "<group>";
		};
		6FC43E172222F08400F2F3DE /* Others */ = {
			isa = PBXGroup;
			children = (
				6FC43E182222F0AE00F2F3DE /* Others.swift */,
			);
			path = Others;
			sourceTree = "<group>";
		};
/* End PBXGroup section */

/* Begin PBXNativeTarget section */
		6F822B24221B336200158C9D /* BubbleRemindingProject */ = {
			isa = PBXNativeTarget;
			buildConfigurationList = 6F822B37221B336A00158C9D /* Build configuration list for PBXNativeTarget "BubbleRemindingProject" */;
			buildPhases = (
				6F822B21221B336200158C9D /* Sources */,
				6F822B22221B336200158C9D /* Frameworks */,
				6F822B23221B336200158C9D /* Resources */,
			);
			buildRules = (
			);
			dependencies = (
			);
			name = BubbleRemindingProject;
			productName = BubbleRemindingProject;
			productReference = 6F822B25221B336200158C9D /* BubbleRemindingProject.app */;
			productType = "com.apple.product-type.application";
		};
/* End PBXNativeTarget section */

/* Begin PBXProject section */
		6F822B1D221B336200158C9D /* Project object */ = {
			isa = PBXProject;
			attributes = {
				LastSwiftUpdateCheck = 1010;
				LastUpgradeCheck = 1010;
				ORGANIZATIONNAME = "Aleksandra Konopka";
				TargetAttributes = {
					6F822B24221B336200158C9D = {
						CreatedOnToolsVersion = 10.1;
					};
				};
			};
			buildConfigurationList = 6F822B20221B336200158C9D /* Build configuration list for PBXProject "BubbleRemindingProject" */;
			compatibilityVersion = "Xcode 9.3";
			developmentRegion = en;
			hasScannedForEncodings = 0;
			knownRegions = (
				en,
				Base,
			);
			mainGroup = 6F822B1C221B336200158C9D;
			productRefGroup = 6F822B26221B336200158C9D /* Products */;
			projectDirPath = "";
			projectRoot = "";
			targets = (
				6F822B24221B336200158C9D /* BubbleRemindingProject */,
			);
		};
/* End PBXProject section */

/* Begin PBXResourcesBuildPhase section */
		6F822B23221B336200158C9D /* Resources */ = {
			isa = PBXResourcesBuildPhase;
			buildActionMask = 2147483647;
			files = (
				6F18D8CE221ECF1600A8C1BF /* gradient2.jpg in Resources */,
				6F822B33221B336A00158C9D /* LaunchScreen.storyboard in Resources */,
				6F822B67221B419900158C9D /* ipad.jpg in Resources */,
				6F822B5C221B385300158C9D /* Assets.xcassets in Resources */,
				6F18D8CC221ECE3E00A8C1BF /* gradient.png in Resources */,
				6F822B54221B365700158C9D /* Main.storyboard in Resources */,
			);
			runOnlyForDeploymentPostprocessing = 0;
		};
/* End PBXResourcesBuildPhase section */

/* Begin PBXSourcesBuildPhase section */
		6F822B21221B336200158C9D /* Sources */ = {
			isa = PBXSourcesBuildPhase;
			buildActionMask = 2147483647;
			files = (
				6F822B4F221B363B00158C9D /* ViewController.swift in Sources */,
				6F822B52221B363B00158C9D /* ToDoTableViewController.swift in Sources */,
				6F822B29221B336200158C9D /* AppDelegate.swift in Sources */,
				6F822B50221B363B00158C9D /* AddViewController.swift in Sources */,
				6F822B4D221B363B00158C9D /* AddItemViewController.swift in Sources */,
				6F822B51221B363B00158C9D /* BubblesViewController.swift in Sources */,
				6F822B58221B366E00158C9D /* ToDoItem.swift in Sources */,
				6F822B66221B419900158C9D /* BubblePicker.swift in Sources */,
				6FC43E192222F0AE00F2F3DE /* Others.swift in Sources */,
				6F822B57221B366E00158C9D /* FavouritePlace.swift in Sources */,
				6F822B68221B419900158C9D /* BubblePickerNode.swift in Sources */,
				6F822B4E221B363B00158C9D /* FavouritesViewController.swift in Sources */,
			);
			runOnlyForDeploymentPostprocessing = 0;
		};
/* End PBXSourcesBuildPhase section */

/* Begin PBXVariantGroup section */
		6F822B31221B336A00158C9D /* LaunchScreen.storyboard */ = {
			isa = PBXVariantGroup;
			children = (
				6F822B32221B336A00158C9D /* Base */,
			);
			name = LaunchScreen.storyboard;
			sourceTree = "<group>";
		};
/* End PBXVariantGroup section */

/* Begin XCBuildConfiguration section */
		6F822B35221B336A00158C9D /* Debug */ = {
			isa = XCBuildConfiguration;
			buildSettings = {
				ALWAYS_SEARCH_USER_PATHS = NO;
				CLANG_ANALYZER_NONNULL = YES;
				CLANG_ANALYZER_NUMBER_OBJECT_CONVERSION = YES_AGGRESSIVE;
				CLANG_CXX_LANGUAGE_STANDARD = "gnu++14";
				CLANG_CXX_LIBRARY = "libc++";
				CLANG_ENABLE_MODULES = YES;
				CLANG_ENABLE_OBJC_ARC = YES;
				CLANG_ENABLE_OBJC_WEAK = YES;
				CLANG_WARN_BLOCK_CAPTURE_AUTORELEASING = YES;
				CLANG_WARN_BOOL_CONVERSION = YES;
				CLANG_WARN_COMMA = YES;
				CLANG_WARN_CONSTANT_CONVERSION = YES;
				CLANG_WARN_DEPRECATED_OBJC_IMPLEMENTATIONS = YES;
				CLANG_WARN_DIRECT_OBJC_ISA_USAGE = YES_ERROR;
				CLANG_WARN_DOCUMENTATION_COMMENTS = YES;
				CLANG_WARN_EMPTY_BODY = YES;
				CLANG_WARN_ENUM_CONVERSION = YES;
				CLANG_WARN_INFINITE_RECURSION = YES;
				CLANG_WARN_INT_CONVERSION = YES;
				CLANG_WARN_NON_LITERAL_NULL_CONVERSION = YES;
				CLANG_WARN_OBJC_IMPLICIT_RETAIN_SELF = YES;
				CLANG_WARN_OBJC_LITERAL_CONVERSION = YES;
				CLANG_WARN_OBJC_ROOT_CLASS = YES_ERROR;
				CLANG_WARN_RANGE_LOOP_ANALYSIS = YES;
				CLANG_WARN_STRICT_PROTOTYPES = YES;
				CLANG_WARN_SUSPICIOUS_MOVE = YES;
				CLANG_WARN_UNGUARDED_AVAILABILITY = YES_AGGRESSIVE;
				CLANG_WARN_UNREACHABLE_CODE = YES;
				CLANG_WARN__DUPLICATE_METHOD_MATCH = YES;
				CODE_SIGN_IDENTITY = "iPhone Developer";
				COPY_PHASE_STRIP = NO;
				DEBUG_INFORMATION_FORMAT = dwarf;
				ENABLE_STRICT_OBJC_MSGSEND = YES;
				ENABLE_TESTABILITY = YES;
				GCC_C_LANGUAGE_STANDARD = gnu11;
				GCC_DYNAMIC_NO_PIC = NO;
				GCC_NO_COMMON_BLOCKS = YES;
				GCC_OPTIMIZATION_LEVEL = 0;
				GCC_PREPROCESSOR_DEFINITIONS = (
					"DEBUG=1",
					"$(inherited)",
				);
				GCC_WARN_64_TO_32_BIT_CONVERSION = YES;
				GCC_WARN_ABOUT_RETURN_TYPE = YES_ERROR;
				GCC_WARN_UNDECLARED_SELECTOR = YES;
				GCC_WARN_UNINITIALIZED_AUTOS = YES_AGGRESSIVE;
				GCC_WARN_UNUSED_FUNCTION = YES;
				GCC_WARN_UNUSED_VARIABLE = YES;
				IPHONEOS_DEPLOYMENT_TARGET = 12.1;
				MTL_ENABLE_DEBUG_INFO = INCLUDE_SOURCE;
				MTL_FAST_MATH = YES;
				ONLY_ACTIVE_ARCH = YES;
				SDKROOT = iphoneos;
				SWIFT_ACTIVE_COMPILATION_CONDITIONS = DEBUG;
				SWIFT_OPTIMIZATION_LEVEL = "-Onone";
			};
			name = Debug;
		};
		6F822B36221B336A00158C9D /* Release */ = {
			isa = XCBuildConfiguration;
			buildSettings = {
				ALWAYS_SEARCH_USER_PATHS = NO;
				CLANG_ANALYZER_NONNULL = YES;
				CLANG_ANALYZER_NUMBER_OBJECT_CONVERSION = YES_AGGRESSIVE;
				CLANG_CXX_LANGUAGE_STANDARD = "gnu++14";
				CLANG_CXX_LIBRARY = "libc++";
				CLANG_ENABLE_MODULES = YES;
				CLANG_ENABLE_OBJC_ARC = YES;
				CLANG_ENABLE_OBJC_WEAK = YES;
				CLANG_WARN_BLOCK_CAPTURE_AUTORELEASING = YES;
				CLANG_WARN_BOOL_CONVERSION = YES;
				CLANG_WARN_COMMA = YES;
				CLANG_WARN_CONSTANT_CONVERSION = YES;
				CLANG_WARN_DEPRECATED_OBJC_IMPLEMENTATIONS = YES;
				CLANG_WARN_DIRECT_OBJC_ISA_USAGE = YES_ERROR;
				CLANG_WARN_DOCUMENTATION_COMMENTS = YES;
				CLANG_WARN_EMPTY_BODY = YES;
				CLANG_WARN_ENUM_CONVERSION = YES;
				CLANG_WARN_INFINITE_RECURSION = YES;
				CLANG_WARN_INT_CONVERSION = YES;
				CLANG_WARN_NON_LITERAL_NULL_CONVERSION = YES;
				CLANG_WARN_OBJC_IMPLICIT_RETAIN_SELF = YES;
				CLANG_WARN_OBJC_LITERAL_CONVERSION = YES;
				CLANG_WARN_OBJC_ROOT_CLASS = YES_ERROR;
				CLANG_WARN_RANGE_LOOP_ANALYSIS = YES;
				CLANG_WARN_STRICT_PROTOTYPES = YES;
				CLANG_WARN_SUSPICIOUS_MOVE = YES;
				CLANG_WARN_UNGUARDED_AVAILABILITY = YES_AGGRESSIVE;
				CLANG_WARN_UNREACHABLE_CODE = YES;
				CLANG_WARN__DUPLICATE_METHOD_MATCH = YES;
				CODE_SIGN_IDENTITY = "iPhone Developer";
				COPY_PHASE_STRIP = NO;
				DEBUG_INFORMATION_FORMAT = "dwarf-with-dsym";
				ENABLE_NS_ASSERTIONS = NO;
				ENABLE_STRICT_OBJC_MSGSEND = YES;
				GCC_C_LANGUAGE_STANDARD = gnu11;
				GCC_NO_COMMON_BLOCKS = YES;
				GCC_WARN_64_TO_32_BIT_CONVERSION = YES;
				GCC_WARN_ABOUT_RETURN_TYPE = YES_ERROR;
				GCC_WARN_UNDECLARED_SELECTOR = YES;
				GCC_WARN_UNINITIALIZED_AUTOS = YES_AGGRESSIVE;
				GCC_WARN_UNUSED_FUNCTION = YES;
				GCC_WARN_UNUSED_VARIABLE = YES;
				IPHONEOS_DEPLOYMENT_TARGET = 12.1;
				MTL_ENABLE_DEBUG_INFO = NO;
				MTL_FAST_MATH = YES;
				SDKROOT = iphoneos;
				SWIFT_COMPILATION_MODE = wholemodule;
				SWIFT_OPTIMIZATION_LEVEL = "-O";
				VALIDATE_PRODUCT = YES;
			};
			name = Release;
		};
		6F822B38221B336A00158C9D /* Debug */ = {
			isa = XCBuildConfiguration;
			buildSettings = {
				ASSETCATALOG_COMPILER_APPICON_NAME = AppIcon;
				CODE_SIGN_STYLE = Automatic;
				DEVELOPMENT_TEAM = VDND3H3H34;
				INFOPLIST_FILE = BubbleRemindingProject/Info.plist;
				LD_RUNPATH_SEARCH_PATHS = (
					"$(inherited)",
					"@executable_path/Frameworks",
				);
				PRODUCT_BUNDLE_IDENTIFIER = com.aleksandrakonopka.BubbleRemindingProject;
				PRODUCT_NAME = "$(TARGET_NAME)";
				SWIFT_VERSION = 4.2;
				TARGETED_DEVICE_FAMILY = "1,2";
			};
			name = Debug;
		};
		6F822B39221B336A00158C9D /* Release */ = {
			isa = XCBuildConfiguration;
			buildSettings = {
				ASSETCATALOG_COMPILER_APPICON_NAME = AppIcon;
				CODE_SIGN_STYLE = Automatic;
				DEVELOPMENT_TEAM = VDND3H3H34;
				INFOPLIST_FILE = BubbleRemindingProject/Info.plist;
				LD_RUNPATH_SEARCH_PATHS = (
					"$(inherited)",
					"@executable_path/Frameworks",
				);
				PRODUCT_BUNDLE_IDENTIFIER = com.aleksandrakonopka.BubbleRemindingProject;
				PRODUCT_NAME = "$(TARGET_NAME)";
				SWIFT_VERSION = 4.2;
				TARGETED_DEVICE_FAMILY = "1,2";
			};
			name = Release;
		};
/* End XCBuildConfiguration section */

/* Begin XCConfigurationList section */
		6F822B20221B336200158C9D /* Build configuration list for PBXProject "BubbleRemindingProject" */ = {
			isa = XCConfigurationList;
			buildConfigurations = (
				6F822B35221B336A00158C9D /* Debug */,
				6F822B36221B336A00158C9D /* Release */,
			);
			defaultConfigurationIsVisible = 0;
			defaultConfigurationName = Release;
		};
		6F822B37221B336A00158C9D /* Build configuration list for PBXNativeTarget "BubbleRemindingProject" */ = {
			isa = XCConfigurationList;
			buildConfigurations = (
				6F822B38221B336A00158C9D /* Debug */,
				6F822B39221B336A00158C9D /* Release */,
			);
			defaultConfigurationIsVisible = 0;
			defaultConfigurationName = Release;
		};
/* End XCConfigurationList section */
	};
	rootObject = 6F822B1D221B336200158C9D /* Project object */;
}
